// !$*UTF8*$!
{
	archiveVersion = 1;
	classes = {
	};
	objectVersion = 55;
	objects = {

/* Begin PBXBuildFile section */
		416CDB4828EEB92800767F4A /* AppDelegate.swift in Sources */ = {isa = PBXBuildFile; fileRef = 416CDB4728EEB92800767F4A /* AppDelegate.swift */; };
		416CDB4A28EEB92800767F4A /* SceneDelegate.swift in Sources */ = {isa = PBXBuildFile; fileRef = 416CDB4928EEB92800767F4A /* SceneDelegate.swift */; };
		416CDB4C28EEB92800767F4A /* HomeViewController.swift in Sources */ = {isa = PBXBuildFile; fileRef = 416CDB4B28EEB92800767F4A /* HomeViewController.swift */; };
		416CDB4F28EEB92800767F4A /* Main.storyboard in Resources */ = {isa = PBXBuildFile; fileRef = 416CDB4D28EEB92800767F4A /* Main.storyboard */; };
		416CDB5128EEB92A00767F4A /* Assets.xcassets in Resources */ = {isa = PBXBuildFile; fileRef = 416CDB5028EEB92A00767F4A /* Assets.xcassets */; };
		416CDB5428EEB92A00767F4A /* LaunchScreen.storyboard in Resources */ = {isa = PBXBuildFile; fileRef = 416CDB5228EEB92A00767F4A /* LaunchScreen.storyboard */; };
		416CDB6028EEC29C00767F4A /* BaseView.swift in Sources */ = {isa = PBXBuildFile; fileRef = 416CDB5F28EEC29C00767F4A /* BaseView.swift */; };
		416CDB6228EEC2B700767F4A /* BaseViewModel.swift in Sources */ = {isa = PBXBuildFile; fileRef = 416CDB6128EEC2B700767F4A /* BaseViewModel.swift */; };
		416CDB6A28EEC52D00767F4A /* HomeView.swift in Sources */ = {isa = PBXBuildFile; fileRef = 416CDB6928EEC52C00767F4A /* HomeView.swift */; };
		416CDB6D28EEC57300767F4A /* HomeViewModel.swift in Sources */ = {isa = PBXBuildFile; fileRef = 416CDB6C28EEC57300767F4A /* HomeViewModel.swift */; };
		418600E828F436A8006D81EA /* View.swift in Sources */ = {isa = PBXBuildFile; fileRef = 418600E728F436A8006D81EA /* View.swift */; };
		418600EA28F436C4006D81EA /* ViewModel.swift in Sources */ = {isa = PBXBuildFile; fileRef = 418600E928F436C4006D81EA /* ViewModel.swift */; };
		418600EC28F436E1006D81EA /* ViewController.swift in Sources */ = {isa = PBXBuildFile; fileRef = 418600EB28F436E1006D81EA /* ViewController.swift */; };
		418600EE28F43746006D81EA /* BaseViewController.swift in Sources */ = {isa = PBXBuildFile; fileRef = 418600ED28F43746006D81EA /* BaseViewController.swift */; };
		418600F028F437D5006D81EA /* ViewLifeCycle.swift in Sources */ = {isa = PBXBuildFile; fileRef = 418600EF28F437D5006D81EA /* ViewLifeCycle.swift */; };
/* End PBXBuildFile section */

/* Begin PBXFileReference section */
		416CDB4428EEB92800767F4A /* MVVMPrototype.app */ = {isa = PBXFileReference; explicitFileType = wrapper.application; includeInIndex = 0; path = MVVMPrototype.app; sourceTree = BUILT_PRODUCTS_DIR; };
		416CDB4728EEB92800767F4A /* AppDelegate.swift */ = {isa = PBXFileReference; lastKnownFileType = sourcecode.swift; path = AppDelegate.swift; sourceTree = "<group>"; };
		416CDB4928EEB92800767F4A /* SceneDelegate.swift */ = {isa = PBXFileReference; lastKnownFileType = sourcecode.swift; path = SceneDelegate.swift; sourceTree = "<group>"; };
		416CDB4B28EEB92800767F4A /* HomeViewController.swift */ = {isa = PBXFileReference; lastKnownFileType = sourcecode.swift; path = HomeViewController.swift; sourceTree = "<group>"; };
		416CDB4E28EEB92800767F4A /* Base */ = {isa = PBXFileReference; lastKnownFileType = file.storyboard; name = Base; path = Base.lproj/Main.storyboard; sourceTree = "<group>"; };
		416CDB5028EEB92A00767F4A /* Assets.xcassets */ = {isa = PBXFileReference; lastKnownFileType = folder.assetcatalog; path = Assets.xcassets; sourceTree = "<group>"; };
		416CDB5328EEB92A00767F4A /* Base */ = {isa = PBXFileReference; lastKnownFileType = file.storyboard; name = Base; path = Base.lproj/LaunchScreen.storyboard; sourceTree = "<group>"; };
		416CDB5528EEB92A00767F4A /* Info.plist */ = {isa = PBXFileReference; lastKnownFileType = text.plist.xml; path = Info.plist; sourceTree = "<group>"; };
		416CDB5F28EEC29C00767F4A /* BaseView.swift */ = {isa = PBXFileReference; lastKnownFileType = sourcecode.swift; path = BaseView.swift; sourceTree = "<group>"; };
		416CDB6128EEC2B700767F4A /* BaseViewModel.swift */ = {isa = PBXFileReference; lastKnownFileType = sourcecode.swift; path = BaseViewModel.swift; sourceTree = "<group>"; };
		416CDB6928EEC52C00767F4A /* HomeView.swift */ = {isa = PBXFileReference; lastKnownFileType = sourcecode.swift; path = HomeView.swift; sourceTree = "<group>"; };
		416CDB6C28EEC57300767F4A /* HomeViewModel.swift */ = {isa = PBXFileReference; lastKnownFileType = sourcecode.swift; path = HomeViewModel.swift; sourceTree = "<group>"; };
		418600E728F436A8006D81EA /* View.swift */ = {isa = PBXFileReference; lastKnownFileType = sourcecode.swift; path = View.swift; sourceTree = "<group>"; };
		418600E928F436C4006D81EA /* ViewModel.swift */ = {isa = PBXFileReference; lastKnownFileType = sourcecode.swift; path = ViewModel.swift; sourceTree = "<group>"; };
		418600EB28F436E1006D81EA /* ViewController.swift */ = {isa = PBXFileReference; lastKnownFileType = sourcecode.swift; path = ViewController.swift; sourceTree = "<group>"; };
		418600ED28F43746006D81EA /* BaseViewController.swift */ = {isa = PBXFileReference; lastKnownFileType = sourcecode.swift; path = BaseViewController.swift; sourceTree = "<group>"; };
		418600EF28F437D5006D81EA /* ViewLifeCycle.swift */ = {isa = PBXFileReference; lastKnownFileType = sourcecode.swift; path = ViewLifeCycle.swift; sourceTree = "<group>"; };
/* End PBXFileReference section */

/* Begin PBXFrameworksBuildPhase section */
		416CDB4128EEB92800767F4A /* Frameworks */ = {
			isa = PBXFrameworksBuildPhase;
			buildActionMask = 2147483647;
			files = (
			);
			runOnlyForDeploymentPostprocessing = 0;
		};
/* End PBXFrameworksBuildPhase section */

/* Begin PBXGroup section */
		4135CC6C28F0522400736196 /* ViewControllers */ = {
			isa = PBXGroup;
			children = (
				418600ED28F43746006D81EA /* BaseViewController.swift */,
				416CDB4B28EEB92800767F4A /* HomeViewController.swift */,
			);
			path = ViewControllers;
			sourceTree = "<group>";
		};
		416CDB3B28EEB92800767F4A = {
			isa = PBXGroup;
			children = (
				416CDB4628EEB92800767F4A /* MVVMPrototype */,
				416CDB4528EEB92800767F4A /* Products */,
			);
			sourceTree = "<group>";
		};
		416CDB4528EEB92800767F4A /* Products */ = {
			isa = PBXGroup;
			children = (
				416CDB4428EEB92800767F4A /* MVVMPrototype.app */,
			);
			name = Products;
			sourceTree = "<group>";
		};
		416CDB4628EEB92800767F4A /* MVVMPrototype */ = {
			isa = PBXGroup;
			children = (
				416CDB6328EEC33900767F4A /* Protocols */,
				4135CC6C28F0522400736196 /* ViewControllers */,
				416CDB5D28EEC27900767F4A /* View */,
				416CDB5B28EEC25600767F4A /* ViewModel */,
				416CDB4728EEB92800767F4A /* AppDelegate.swift */,
				416CDB4928EEB92800767F4A /* SceneDelegate.swift */,
				416CDB4D28EEB92800767F4A /* Main.storyboard */,
				416CDB5028EEB92A00767F4A /* Assets.xcassets */,
				416CDB5228EEB92A00767F4A /* LaunchScreen.storyboard */,
				416CDB5528EEB92A00767F4A /* Info.plist */,
			);
			path = MVVMPrototype;
			sourceTree = "<group>";
		};
		416CDB5B28EEC25600767F4A /* ViewModel */ = {
			isa = PBXGroup;
			children = (
				416CDB5C28EEC26500767F4A /* BaseViewModel */,
				416CDB6B28EEC56100767F4A /* HomeViewModel */,
			);
			path = ViewModel;
			sourceTree = "<group>";
		};
		416CDB5C28EEC26500767F4A /* BaseViewModel */ = {
			isa = PBXGroup;
			children = (
				416CDB6128EEC2B700767F4A /* BaseViewModel.swift */,
			);
			path = BaseViewModel;
			sourceTree = "<group>";
		};
		416CDB5D28EEC27900767F4A /* View */ = {
			isa = PBXGroup;
			children = (
				416CDB5E28EEC28400767F4A /* BaseView */,
				416CDB6828EEC51E00767F4A /* HomeView */,
			);
			path = View;
			sourceTree = "<group>";
		};
		416CDB5E28EEC28400767F4A /* BaseView */ = {
			isa = PBXGroup;
			children = (
				416CDB5F28EEC29C00767F4A /* BaseView.swift */,
			);
			path = BaseView;
			sourceTree = "<group>";
		};
		416CDB6328EEC33900767F4A /* Protocols */ = {
			isa = PBXGroup;
			children = (
				418600E728F436A8006D81EA /* View.swift */,
				418600E928F436C4006D81EA /* ViewModel.swift */,
				418600EB28F436E1006D81EA /* ViewController.swift */,
				418600EF28F437D5006D81EA /* ViewLifeCycle.swift */,
			);
			path = Protocols;
			sourceTree = "<group>";
		};
		416CDB6828EEC51E00767F4A /* HomeView */ = {
			isa = PBXGroup;
			children = (
				416CDB6928EEC52C00767F4A /* HomeView.swift */,
			);
			path = HomeView;
			sourceTree = "<group>";
		};
		416CDB6B28EEC56100767F4A /* HomeViewModel */ = {
			isa = PBXGroup;
			children = (
				416CDB6C28EEC57300767F4A /* HomeViewModel.swift */,
			);
			path = HomeViewModel;
			sourceTree = "<group>";
		};
/* End PBXGroup section */

/* Begin PBXNativeTarget section */
		416CDB4328EEB92800767F4A /* MVVMPrototype */ = {
			isa = PBXNativeTarget;
			buildConfigurationList = 416CDB5828EEB92A00767F4A /* Build configuration list for PBXNativeTarget "MVVMPrototype" */;
			buildPhases = (
				416CDB4028EEB92800767F4A /* Sources */,
				416CDB4128EEB92800767F4A /* Frameworks */,
				416CDB4228EEB92800767F4A /* Resources */,
			);
			buildRules = (
			);
			dependencies = (
			);
			name = MVVMPrototype;
			productName = ConfigurationTest;
			productReference = 416CDB4428EEB92800767F4A /* MVVMPrototype.app */;
			productType = "com.apple.product-type.application";
		};
/* End PBXNativeTarget section */

/* Begin PBXProject section */
		416CDB3C28EEB92800767F4A /* Project object */ = {
			isa = PBXProject;
			attributes = {
				BuildIndependentTargetsInParallel = 1;
				LastSwiftUpdateCheck = 1340;
				LastUpgradeCheck = 1340;
				TargetAttributes = {
					416CDB4328EEB92800767F4A = {
						CreatedOnToolsVersion = 13.4.1;
					};
				};
			};
			buildConfigurationList = 416CDB3F28EEB92800767F4A /* Build configuration list for PBXProject "MVVMPrototype" */;
			compatibilityVersion = "Xcode 13.0";
			developmentRegion = en;
			hasScannedForEncodings = 0;
			knownRegions = (
				en,
				Base,
			);
			mainGroup = 416CDB3B28EEB92800767F4A;
			productRefGroup = 416CDB4528EEB92800767F4A /* Products */;
			projectDirPath = "";
			projectRoot = "";
			targets = (
				416CDB4328EEB92800767F4A /* MVVMPrototype */,
			);
		};
/* End PBXProject section */

/* Begin PBXResourcesBuildPhase section */
		416CDB4228EEB92800767F4A /* Resources */ = {
			isa = PBXResourcesBuildPhase;
			buildActionMask = 2147483647;
			files = (
				416CDB5428EEB92A00767F4A /* LaunchScreen.storyboard in Resources */,
				416CDB5128EEB92A00767F4A /* Assets.xcassets in Resources */,
				416CDB4F28EEB92800767F4A /* Main.storyboard in Resources */,
			);
			runOnlyForDeploymentPostprocessing = 0;
		};
/* End PBXResourcesBuildPhase section */

/* Begin PBXSourcesBuildPhase section */
		416CDB4028EEB92800767F4A /* Sources */ = {
			isa = PBXSourcesBuildPhase;
			buildActionMask = 2147483647;
			files = (
				418600EA28F436C4006D81EA /* ViewModel.swift in Sources */,
				418600F028F437D5006D81EA /* ViewLifeCycle.swift in Sources */,
				416CDB4C28EEB92800767F4A /* HomeViewController.swift in Sources */,
				416CDB6D28EEC57300767F4A /* HomeViewModel.swift in Sources */,
				418600EC28F436E1006D81EA /* ViewController.swift in Sources */,
				418600EE28F43746006D81EA /* BaseViewController.swift in Sources */,
				416CDB6228EEC2B700767F4A /* BaseViewModel.swift in Sources */,
				416CDB6A28EEC52D00767F4A /* HomeView.swift in Sources */,
				418600E828F436A8006D81EA /* View.swift in Sources */,
				416CDB4828EEB92800767F4A /* AppDelegate.swift in Sources */,
				416CDB4A28EEB92800767F4A /* SceneDelegate.swift in Sources */,
				416CDB6028EEC29C00767F4A /* BaseView.swift in Sources */,
			);
			runOnlyForDeploymentPostprocessing = 0;
		};
/* End PBXSourcesBuildPhase section */

/* Begin PBXVariantGroup section */
		416CDB4D28EEB92800767F4A /* Main.storyboard */ = {
			isa = PBXVariantGroup;
			children = (
				416CDB4E28EEB92800767F4A /* Base */,
			);
			name = Main.storyboard;
			sourceTree = "<group>";
		};
		416CDB5228EEB92A00767F4A /* LaunchScreen.storyboard */ = {
			isa = PBXVariantGroup;
			children = (
				416CDB5328EEB92A00767F4A /* Base */,
			);
			name = LaunchScreen.storyboard;
			sourceTree = "<group>";
		};
/* End PBXVariantGroup section */

/* Begin XCBuildConfiguration section */
		416CDB5628EEB92A00767F4A /* Debug */ = {
			isa = XCBuildConfiguration;
			buildSettings = {
				ALWAYS_SEARCH_USER_PATHS = NO;
				CLANG_ANALYZER_NONNULL = YES;
				CLANG_ANALYZER_NUMBER_OBJECT_CONVERSION = YES_AGGRESSIVE;
				CLANG_CXX_LANGUAGE_STANDARD = "gnu++17";
				CLANG_ENABLE_MODULES = YES;
				CLANG_ENABLE_OBJC_ARC = YES;
				CLANG_ENABLE_OBJC_WEAK = YES;
				CLANG_WARN_BLOCK_CAPTURE_AUTORELEASING = YES;
				CLANG_WARN_BOOL_CONVERSION = YES;
				CLANG_WARN_COMMA = YES;
				CLANG_WARN_CONSTANT_CONVERSION = YES;
				CLANG_WARN_DEPRECATED_OBJC_IMPLEMENTATIONS = YES;
				CLANG_WARN_DIRECT_OBJC_ISA_USAGE = YES_ERROR;
				CLANG_WARN_DOCUMENTATION_COMMENTS = YES;
				CLANG_WARN_EMPTY_BODY = YES;
				CLANG_WARN_ENUM_CONVERSION = YES;
				CLANG_WARN_INFINITE_RECURSION = YES;
				CLANG_WARN_INT_CONVERSION = YES;
				CLANG_WARN_NON_LITERAL_NULL_CONVERSION = YES;
				CLANG_WARN_OBJC_IMPLICIT_RETAIN_SELF = YES;
				CLANG_WARN_OBJC_LITERAL_CONVERSION = YES;
				CLANG_WARN_OBJC_ROOT_CLASS = YES_ERROR;
				CLANG_WARN_QUOTED_INCLUDE_IN_FRAMEWORK_HEADER = YES;
				CLANG_WARN_RANGE_LOOP_ANALYSIS = YES;
				CLANG_WARN_STRICT_PROTOTYPES = YES;
				CLANG_WARN_SUSPICIOUS_MOVE = YES;
				CLANG_WARN_UNGUARDED_AVAILABILITY = YES_AGGRESSIVE;
				CLANG_WARN_UNREACHABLE_CODE = YES;
				CLANG_WARN__DUPLICATE_METHOD_MATCH = YES;
				COPY_PHASE_STRIP = NO;
				DEBUG_INFORMATION_FORMAT = dwarf;
				ENABLE_STRICT_OBJC_MSGSEND = YES;
				ENABLE_TESTABILITY = YES;
				GCC_C_LANGUAGE_STANDARD = gnu11;
				GCC_DYNAMIC_NO_PIC = NO;
				GCC_NO_COMMON_BLOCKS = YES;
				GCC_OPTIMIZATION_LEVEL = 0;
				GCC_PREPROCESSOR_DEFINITIONS = (
					"DEBUG=1",
					"$(inherited)",
				);
				GCC_WARN_64_TO_32_BIT_CONVERSION = YES;
				GCC_WARN_ABOUT_RETURN_TYPE = YES_ERROR;
				GCC_WARN_UNDECLARED_SELECTOR = YES;
				GCC_WARN_UNINITIALIZED_AUTOS = YES_AGGRESSIVE;
				GCC_WARN_UNUSED_FUNCTION = YES;
				GCC_WARN_UNUSED_VARIABLE = YES;
				IPHONEOS_DEPLOYMENT_TARGET = 15.5;
				MTL_ENABLE_DEBUG_INFO = INCLUDE_SOURCE;
				MTL_FAST_MATH = YES;
				ONLY_ACTIVE_ARCH = YES;
				SDKROOT = iphoneos;
				SWIFT_ACTIVE_COMPILATION_CONDITIONS = DEBUG;
				SWIFT_OPTIMIZATION_LEVEL = "-Onone";
			};
			name = Debug;
		};
		416CDB5728EEB92A00767F4A /* Release */ = {
			isa = XCBuildConfiguration;
			buildSettings = {
				ALWAYS_SEARCH_USER_PATHS = NO;
				CLANG_ANALYZER_NONNULL = YES;
				CLANG_ANALYZER_NUMBER_OBJECT_CONVERSION = YES_AGGRESSIVE;
				CLANG_CXX_LANGUAGE_STANDARD = "gnu++17";
				CLANG_ENABLE_MODULES = YES;
				CLANG_ENABLE_OBJC_ARC = YES;
				CLANG_ENABLE_OBJC_WEAK = YES;
				CLANG_WARN_BLOCK_CAPTURE_AUTORELEASING = YES;
				CLANG_WARN_BOOL_CONVERSION = YES;
				CLANG_WARN_COMMA = YES;
				CLANG_WARN_CONSTANT_CONVERSION = YES;
				CLANG_WARN_DEPRECATED_OBJC_IMPLEMENTATIONS = YES;
				CLANG_WARN_DIRECT_OBJC_ISA_USAGE = YES_ERROR;
				CLANG_WARN_DOCUMENTATION_COMMENTS = YES;
				CLANG_WARN_EMPTY_BODY = YES;
				CLANG_WARN_ENUM_CONVERSION = YES;
				CLANG_WARN_INFINITE_RECURSION = YES;
				CLANG_WARN_INT_CONVERSION = YES;
				CLANG_WARN_NON_LITERAL_NULL_CONVERSION = YES;
				CLANG_WARN_OBJC_IMPLICIT_RETAIN_SELF = YES;
				CLANG_WARN_OBJC_LITERAL_CONVERSION = YES;
				CLANG_WARN_OBJC_ROOT_CLASS = YES_ERROR;
				CLANG_WARN_QUOTED_INCLUDE_IN_FRAMEWORK_HEADER = YES;
				CLANG_WARN_RANGE_LOOP_ANALYSIS = YES;
				CLANG_WARN_STRICT_PROTOTYPES = YES;
				CLANG_WARN_SUSPICIOUS_MOVE = YES;
				CLANG_WARN_UNGUARDED_AVAILABILITY = YES_AGGRESSIVE;
				CLANG_WARN_UNREACHABLE_CODE = YES;
				CLANG_WARN__DUPLICATE_METHOD_MATCH = YES;
				COPY_PHASE_STRIP = NO;
				DEBUG_INFORMATION_FORMAT = "dwarf-with-dsym";
				ENABLE_NS_ASSERTIONS = NO;
				ENABLE_STRICT_OBJC_MSGSEND = YES;
				GCC_C_LANGUAGE_STANDARD = gnu11;
				GCC_NO_COMMON_BLOCKS = YES;
				GCC_WARN_64_TO_32_BIT_CONVERSION = YES;
				GCC_WARN_ABOUT_RETURN_TYPE = YES_ERROR;
				GCC_WARN_UNDECLARED_SELECTOR = YES;
				GCC_WARN_UNINITIALIZED_AUTOS = YES_AGGRESSIVE;
				GCC_WARN_UNUSED_FUNCTION = YES;
				GCC_WARN_UNUSED_VARIABLE = YES;
				IPHONEOS_DEPLOYMENT_TARGET = 15.5;
				MTL_ENABLE_DEBUG_INFO = NO;
				MTL_FAST_MATH = YES;
				SDKROOT = iphoneos;
				SWIFT_COMPILATION_MODE = wholemodule;
				SWIFT_OPTIMIZATION_LEVEL = "-O";
				VALIDATE_PRODUCT = YES;
			};
			name = Release;
		};
		416CDB5928EEB92A00767F4A /* Debug */ = {
			isa = XCBuildConfiguration;
			buildSettings = {
				ASSETCATALOG_COMPILER_APPICON_NAME = AppIcon;
				ASSETCATALOG_COMPILER_GLOBAL_ACCENT_COLOR_NAME = AccentColor;
				CODE_SIGN_STYLE = Automatic;
				CURRENT_PROJECT_VERSION = 1;
				GENERATE_INFOPLIST_FILE = YES;
				INFOPLIST_FILE = MVVMPrototype/Info.plist;
				INFOPLIST_KEY_UIApplicationSupportsIndirectInputEvents = YES;
				INFOPLIST_KEY_UILaunchStoryboardName = LaunchScreen;
				INFOPLIST_KEY_UIMainStoryboardFile = Main;
				INFOPLIST_KEY_UISupportedInterfaceOrientations_iPad = "UIInterfaceOrientationPortrait UIInterfaceOrientationPortraitUpsideDown UIInterfaceOrientationLandscapeLeft UIInterfaceOrientationLandscapeRight";
				INFOPLIST_KEY_UISupportedInterfaceOrientations_iPhone = "UIInterfaceOrientationPortrait UIInterfaceOrientationLandscapeLeft UIInterfaceOrientationLandscapeRight";
				LD_RUNPATH_SEARCH_PATHS = (
					"$(inherited)",
					"@executable_path/Frameworks",
				);
				MARKETING_VERSION = 1.0;
				PRODUCT_BUNDLE_IDENTIFIER = sachin.MVVMPrototype;
				PRODUCT_NAME = "$(TARGET_NAME)";
				SWIFT_EMIT_LOC_STRINGS = YES;
				SWIFT_VERSION = 5.0;
				TARGETED_DEVICE_FAMILY = "1,2";
			};
			name = Debug;
		};
		416CDB5A28EEB92A00767F4A /* Release */ = {
			isa = XCBuildConfiguration;
			buildSettings = {
				ASSETCATALOG_COMPILER_APPICON_NAME = AppIcon;
				ASSETCATALOG_COMPILER_GLOBAL_ACCENT_COLOR_NAME = AccentColor;
				CODE_SIGN_STYLE = Automatic;
				CURRENT_PROJECT_VERSION = 1;
				GENERATE_INFOPLIST_FILE = YES;
				INFOPLIST_FILE = MVVMPrototype/Info.plist;
				INFOPLIST_KEY_UIApplicationSupportsIndirectInputEvents = YES;
				INFOPLIST_KEY_UILaunchStoryboardName = LaunchScreen;
				INFOPLIST_KEY_UIMainStoryboardFile = Main;
				INFOPLIST_KEY_UISupportedInterfaceOrientations_iPad = "UIInterfaceOrientationPortrait UIInterfaceOrientationPortraitUpsideDown UIInterfaceOrientationLandscapeLeft UIInterfaceOrientationLandscapeRight";
				INFOPLIST_KEY_UISupportedInterfaceOrientations_iPhone = "UIInterfaceOrientationPortrait UIInterfaceOrientationLandscapeLeft UIInterfaceOrientationLandscapeRight";
				LD_RUNPATH_SEARCH_PATHS = (
					"$(inherited)",
					"@executable_path/Frameworks",
				);
				MARKETING_VERSION = 1.0;
				PRODUCT_BUNDLE_IDENTIFIER = sachin.MVVMPrototype;
				PRODUCT_NAME = "$(TARGET_NAME)";
				SWIFT_EMIT_LOC_STRINGS = YES;
				SWIFT_VERSION = 5.0;
				TARGETED_DEVICE_FAMILY = "1,2";
			};
			name = Release;
		};
/* End XCBuildConfiguration section */

/* Begin XCConfigurationList section */
		416CDB3F28EEB92800767F4A /* Build configuration list for PBXProject "MVVMPrototype" */ = {
			isa = XCConfigurationList;
			buildConfigurations = (
				416CDB5628EEB92A00767F4A /* Debug */,
				416CDB5728EEB92A00767F4A /* Release */,
			);
			defaultConfigurationIsVisible = 0;
			defaultConfigurationName = Release;
		};
		416CDB5828EEB92A00767F4A /* Build configuration list for PBXNativeTarget "MVVMPrototype" */ = {
			isa = XCConfigurationList;
			buildConfigurations = (
				416CDB5928EEB92A00767F4A /* Debug */,
				416CDB5A28EEB92A00767F4A /* Release */,
			);
			defaultConfigurationIsVisible = 0;
			defaultConfigurationName = Release;
		};
/* End XCConfigurationList section */
	};
	rootObject = 416CDB3C28EEB92800767F4A /* Project object */;
}
